
Microsoft Visual Studio Solution File, Format Version 12.00
# Visual Studio Version 17
VisualStudioVersion = 17.7.34024.191
MinimumVisualStudioVersion = 10.0.40219.1
Project("{9A19103F-16F7-4668-BE54-9A1E7A4F7556}") = "Sample1", "Sample1\Sample1.csproj", "{795047CF-71CF-49C2-9AC4-62431D3FC239}"
EndProject
Project("{9A19103F-16F7-4668-BE54-9A1E7A4F7556}") = "Sample2", "Sample2\Sample2.csproj", "{61E92FAF-DB37-4A98-BA59-EE8B802B4131}"
EndProject
Project("{9A19103F-16F7-4668-BE54-9A1E7A4F7556}") = "AuthServer", "AuthServer\AuthServer.csproj", "{A2952DEC-B95C-471B-840F-19A542957927}"
EndProject
Global
	GlobalSection(SolutionConfigurationPlatforms) = preSolution
		Debug|Any CPU = Debug|Any CPU
		Release|Any CPU = Release|Any CPU
	EndGlobalSection
	GlobalSection(ProjectConfigurationPlatforms) = postSolution
		{795047CF-71CF-49C2-9AC4-62431D3FC239}.Debug|Any CPU.ActiveCfg = Debug|Any CPU
		{795047CF-71CF-49C2-9AC4-62431D3FC239}.Debug|Any CPU.Build.0 = Debug|Any CPU
		{795047CF-71CF-49C2-9AC4-62431D3FC239}.Release|Any CPU.ActiveCfg = Release|Any CPU
		{795047CF-71CF-49C2-9AC4-62431D3FC239}.Release|Any CPU.Build.0 = Release|Any CPU
		{61E92FAF-DB37-4A98-BA59-EE8B802B4131}.Debug|Any CPU.ActiveCfg = Debug|Any CPU
		{61E92FAF-DB37-4A98-BA59-EE8B802B4131}.Debug|Any CPU.Build.0 = Debug|Any CPU
		{61E92FAF-DB37-4A98-BA59-EE8B802B4131}.Release|Any CPU.ActiveCfg = Release|Any CPU
		{61E92FAF-DB37-4A98-BA59-EE8B802B4131}.Release|Any CPU.Build.0 = Release|Any CPU
		{A2952DEC-B95C-471B-840F-19A542957927}.Debug|Any CPU.ActiveCfg = Debug|Any CPU
		{A2952DEC-B95C-471B-840F-19A542957927}.Debug|Any CPU.Build.0 = Debug|Any CPU
		{A2952DEC-B95C-471B-840F-19A542957927}.Release|Any CPU.ActiveCfg = Release|Any CPU
		{A2952DEC-B95C-471B-840F-19A542957927}.Release|Any CPU.Build.0 = Release|Any CPU
	EndGlobalSection
	GlobalSection(SolutionProperties) = preSolution
		HideSolutionNode = FALSE
	EndGlobalSection
	GlobalSection(ExtensibilityGlobals) = postSolution
		SolutionGuid = {2DB58E33-E898-4CBB-ADC7-E60460B0FFF1}
	EndGlobalSection
EndGlobal
